
Microsoft Visual Studio Solution File, Format Version 12.00
# Visual Studio 15
VisualStudioVersion = 15.0.28307.438
MinimumVisualStudioVersion = 10.0.40219.1
Project("{9A19103F-16F7-4668-BE54-9A1E7A4F7556}") = "PlexRequestsApi", "PlexRequestsApi.csproj", "{B907D102-335F-4B81-BD9D-9CF7E0A2F612}"
EndProject
Global
	GlobalSection(SolutionConfigurationPlatforms) = preSolution
		Debug|Any CPU = Debug|Any CPU
		Release|Any CPU = Release|Any CPU
	EndGlobalSection
	GlobalSection(ProjectConfigurationPlatforms) = postSolution
		{B907D102-335F-4B81-BD9D-9CF7E0A2F612}.Debug|Any CPU.ActiveCfg = Debug|Any CPU
		{B907D102-335F-4B81-BD9D-9CF7E0A2F612}.Debug|Any CPU.Build.0 = Debug|Any CPU
		{B907D102-335F-4B81-BD9D-9CF7E0A2F612}.Release|Any CPU.ActiveCfg = Release|Any CPU
		{B907D102-335F-4B81-BD9D-9CF7E0A2F612}.Release|Any CPU.Build.0 = Release|Any CPU
	EndGlobalSection
	GlobalSection(SolutionProperties) = preSolution
		HideSolutionNode = FALSE
	EndGlobalSection
	GlobalSection(ExtensibilityGlobals) = postSolution
		SolutionGuid = {184D93EF-A8B8-4FA2-8CE6-833D27DC8E53}
	EndGlobalSection
EndGlobal
