
Microsoft Visual Studio Solution File, Format Version 12.00
# Visual Studio 15
VisualStudioVersion = 15.0.28307.438
MinimumVisualStudioVersion = 10.0.40219.1
Project("{9A19103F-16F7-4668-BE54-9A1E7A4F7556}") = "PlexRequests", "PlexRequests\PlexRequests.csproj", "{B907D102-335F-4B81-BD9D-9CF7E0A2F612}"
EndProject
Project("{9A19103F-16F7-4668-BE54-9A1E7A4F7556}") = "PlexRequests.Store", "PlexRequests.Store\PlexRequests.Store.csproj", "{4B560905-8907-4750-B3AA-B803D731EB6B}"
EndProject
Project("{9A19103F-16F7-4668-BE54-9A1E7A4F7556}") = "PlexRequests.Core", "PlexRequests.Core\PlexRequests.Core.csproj", "{E7F44CF6-C8D3-4BB2-969D-AE192C6903B9}"
EndProject
Project("{9A19103F-16F7-4668-BE54-9A1E7A4F7556}") = "PlexRequests.Plex", "PlexRequests.Plex\PlexRequests.Plex.csproj", "{9AA2E6CD-09BA-4525-A706-14BFA7AD07A7}"
EndProject
Project("{9A19103F-16F7-4668-BE54-9A1E7A4F7556}") = "PlexRequests.Api", "PlexRequests.Api\PlexRequests.Api.csproj", "{FA41D1D0-F894-4F31-870E-A837268792F3}"
EndProject
Project("{9A19103F-16F7-4668-BE54-9A1E7A4F7556}") = "PlexRequests.Settings", "PlexRequests.Settings\PlexRequests.Settings.csproj", "{2C0D6A51-DFCA-422A-8210-419DF689F1A2}"
EndProject
Project("{9A19103F-16F7-4668-BE54-9A1E7A4F7556}") = "PlexRequests.Helpers", "PlexRequests.Helpers\PlexRequests.Helpers.csproj", "{A83FEB44-85AE-4E15-AB36-25E4A021CD83}"
EndProject
Project("{2150E333-8FDC-42A3-9474-1A3956D46DE8}") = "Solution Items", "Solution Items", "{75258DD2-559F-468D-83F9-610C337137FA}"
EndProject
Project("{9A19103F-16F7-4668-BE54-9A1E7A4F7556}") = "PlexRequests.TheMovieDb", "PlexRequests.TheMovieDb\PlexRequests.TheMovieDb.csproj", "{4D922A00-706D-4CA7-8894-C3EF665B9D36}"
EndProject
Project("{9A19103F-16F7-4668-BE54-9A1E7A4F7556}") = "PlexRequests.Sync", "PlexRequests.Sync\PlexRequests.Sync.csproj", "{D4B56787-F68A-4590-811B-D6828DABFAF5}"
EndProject
Project("{9A19103F-16F7-4668-BE54-9A1E7A4F7556}") = "PlexRequests.UnitTests", "PlexRequests.UnitTests\PlexRequests.UnitTests.csproj", "{E0DB8659-82D3-4793-8E29-859BA0CD3969}"
EndProject
Project("{FAE04EC0-301F-11D3-BF4B-00C04F79EFBC}") = "PlexRequests.Sync.UnitTests", "PlexRequests.Sync.UnitTests\PlexRequests.Sync.UnitTests.csproj", "{DD85AFDA-8E96-4E88-98EF-4E00E1B4637A}"
EndProject
Project("{2150E333-8FDC-42A3-9474-1A3956D46DE8}") = "UnitTests", "UnitTests", "{505A8AFF-9ACF-41FC-B27A-2D010822163F}"
EndProject
Project("{FAE04EC0-301F-11D3-BF4B-00C04F79EFBC}") = "PlexRequests.Core.UnitTests", "PlexRequests.Core.UnitTests\PlexRequests.Core.UnitTests.csproj", "{16DB3073-1841-4380-866B-A38A75224944}"
EndProject
Global
	GlobalSection(SolutionConfigurationPlatforms) = preSolution
		Debug|Any CPU = Debug|Any CPU
		Release|Any CPU = Release|Any CPU
	EndGlobalSection
	GlobalSection(ProjectConfigurationPlatforms) = postSolution
		{B907D102-335F-4B81-BD9D-9CF7E0A2F612}.Debug|Any CPU.ActiveCfg = Debug|Any CPU
		{B907D102-335F-4B81-BD9D-9CF7E0A2F612}.Debug|Any CPU.Build.0 = Debug|Any CPU
		{B907D102-335F-4B81-BD9D-9CF7E0A2F612}.Release|Any CPU.ActiveCfg = Release|Any CPU
		{B907D102-335F-4B81-BD9D-9CF7E0A2F612}.Release|Any CPU.Build.0 = Release|Any CPU
		{4B560905-8907-4750-B3AA-B803D731EB6B}.Debug|Any CPU.ActiveCfg = Debug|Any CPU
		{4B560905-8907-4750-B3AA-B803D731EB6B}.Debug|Any CPU.Build.0 = Debug|Any CPU
		{4B560905-8907-4750-B3AA-B803D731EB6B}.Release|Any CPU.ActiveCfg = Release|Any CPU
		{4B560905-8907-4750-B3AA-B803D731EB6B}.Release|Any CPU.Build.0 = Release|Any CPU
		{E7F44CF6-C8D3-4BB2-969D-AE192C6903B9}.Debug|Any CPU.ActiveCfg = Debug|Any CPU
		{E7F44CF6-C8D3-4BB2-969D-AE192C6903B9}.Debug|Any CPU.Build.0 = Debug|Any CPU
		{E7F44CF6-C8D3-4BB2-969D-AE192C6903B9}.Release|Any CPU.ActiveCfg = Release|Any CPU
		{E7F44CF6-C8D3-4BB2-969D-AE192C6903B9}.Release|Any CPU.Build.0 = Release|Any CPU
		{9AA2E6CD-09BA-4525-A706-14BFA7AD07A7}.Debug|Any CPU.ActiveCfg = Debug|Any CPU
		{9AA2E6CD-09BA-4525-A706-14BFA7AD07A7}.Debug|Any CPU.Build.0 = Debug|Any CPU
		{9AA2E6CD-09BA-4525-A706-14BFA7AD07A7}.Release|Any CPU.ActiveCfg = Release|Any CPU
		{9AA2E6CD-09BA-4525-A706-14BFA7AD07A7}.Release|Any CPU.Build.0 = Release|Any CPU
		{FA41D1D0-F894-4F31-870E-A837268792F3}.Debug|Any CPU.ActiveCfg = Debug|Any CPU
		{FA41D1D0-F894-4F31-870E-A837268792F3}.Debug|Any CPU.Build.0 = Debug|Any CPU
		{FA41D1D0-F894-4F31-870E-A837268792F3}.Release|Any CPU.ActiveCfg = Release|Any CPU
		{FA41D1D0-F894-4F31-870E-A837268792F3}.Release|Any CPU.Build.0 = Release|Any CPU
		{2C0D6A51-DFCA-422A-8210-419DF689F1A2}.Debug|Any CPU.ActiveCfg = Debug|Any CPU
		{2C0D6A51-DFCA-422A-8210-419DF689F1A2}.Debug|Any CPU.Build.0 = Debug|Any CPU
		{2C0D6A51-DFCA-422A-8210-419DF689F1A2}.Release|Any CPU.ActiveCfg = Release|Any CPU
		{2C0D6A51-DFCA-422A-8210-419DF689F1A2}.Release|Any CPU.Build.0 = Release|Any CPU
		{A83FEB44-85AE-4E15-AB36-25E4A021CD83}.Debug|Any CPU.ActiveCfg = Debug|Any CPU
		{A83FEB44-85AE-4E15-AB36-25E4A021CD83}.Debug|Any CPU.Build.0 = Debug|Any CPU
		{A83FEB44-85AE-4E15-AB36-25E4A021CD83}.Release|Any CPU.ActiveCfg = Release|Any CPU
		{A83FEB44-85AE-4E15-AB36-25E4A021CD83}.Release|Any CPU.Build.0 = Release|Any CPU
		{4D922A00-706D-4CA7-8894-C3EF665B9D36}.Debug|Any CPU.ActiveCfg = Debug|Any CPU
		{4D922A00-706D-4CA7-8894-C3EF665B9D36}.Debug|Any CPU.Build.0 = Debug|Any CPU
		{4D922A00-706D-4CA7-8894-C3EF665B9D36}.Release|Any CPU.ActiveCfg = Release|Any CPU
		{4D922A00-706D-4CA7-8894-C3EF665B9D36}.Release|Any CPU.Build.0 = Release|Any CPU
		{D4B56787-F68A-4590-811B-D6828DABFAF5}.Debug|Any CPU.ActiveCfg = Debug|Any CPU
		{D4B56787-F68A-4590-811B-D6828DABFAF5}.Debug|Any CPU.Build.0 = Debug|Any CPU
		{D4B56787-F68A-4590-811B-D6828DABFAF5}.Release|Any CPU.ActiveCfg = Release|Any CPU
		{D4B56787-F68A-4590-811B-D6828DABFAF5}.Release|Any CPU.Build.0 = Release|Any CPU
		{E0DB8659-82D3-4793-8E29-859BA0CD3969}.Debug|Any CPU.ActiveCfg = Debug|Any CPU
		{E0DB8659-82D3-4793-8E29-859BA0CD3969}.Debug|Any CPU.Build.0 = Debug|Any CPU
		{E0DB8659-82D3-4793-8E29-859BA0CD3969}.Release|Any CPU.ActiveCfg = Release|Any CPU
		{E0DB8659-82D3-4793-8E29-859BA0CD3969}.Release|Any CPU.Build.0 = Release|Any CPU
		{DD85AFDA-8E96-4E88-98EF-4E00E1B4637A}.Debug|Any CPU.ActiveCfg = Debug|Any CPU
		{DD85AFDA-8E96-4E88-98EF-4E00E1B4637A}.Debug|Any CPU.Build.0 = Debug|Any CPU
		{DD85AFDA-8E96-4E88-98EF-4E00E1B4637A}.Release|Any CPU.ActiveCfg = Release|Any CPU
		{DD85AFDA-8E96-4E88-98EF-4E00E1B4637A}.Release|Any CPU.Build.0 = Release|Any CPU
		{16DB3073-1841-4380-866B-A38A75224944}.Debug|Any CPU.ActiveCfg = Debug|Any CPU
		{16DB3073-1841-4380-866B-A38A75224944}.Debug|Any CPU.Build.0 = Debug|Any CPU
		{16DB3073-1841-4380-866B-A38A75224944}.Release|Any CPU.ActiveCfg = Release|Any CPU
		{16DB3073-1841-4380-866B-A38A75224944}.Release|Any CPU.Build.0 = Release|Any CPU
	EndGlobalSection
	GlobalSection(SolutionProperties) = preSolution
		HideSolutionNode = FALSE
	EndGlobalSection
	GlobalSection(NestedProjects) = preSolution
		{E0DB8659-82D3-4793-8E29-859BA0CD3969} = {505A8AFF-9ACF-41FC-B27A-2D010822163F}
		{DD85AFDA-8E96-4E88-98EF-4E00E1B4637A} = {505A8AFF-9ACF-41FC-B27A-2D010822163F}
		{16DB3073-1841-4380-866B-A38A75224944} = {505A8AFF-9ACF-41FC-B27A-2D010822163F}
	EndGlobalSection
	GlobalSection(ExtensibilityGlobals) = postSolution
		SolutionGuid = {184D93EF-A8B8-4FA2-8CE6-833D27DC8E53}
	EndGlobalSection
EndGlobal
